# This file is autogenerated, do not edit; changes may be undone by the next 'dep ensure'.


[[projects]]
  name = "github.com/go-cmd/cmd"
  packages = ["."]
  revision = "bcc8acb0e40f18e9f14dd57d35bc76e06541fb12"
  version = "v1.0.2"

[[projects]]
  name = "github.com/go-test/deep"
  packages = ["."]
  revision = "79b3a1f9fcebb32c50364cfc75c3b5324814de16"

[[projects]]
  name = "github.com/golang/protobuf"
  packages = ["proto"]
  revision = "69b215d01a5606c843240eab4937eab3acee6530"

[[projects]]
  branch = "master"
  name = "github.com/nu7hatch/gouuid"
  packages = ["."]
  revision = "179d4d0c4d8d407a32af483c2354df1d2c91e6c3"

[[projects]]
  name = "golang.org/x/net"
  packages = [
    "context",
    "http2",
    "http2/hpack",
    "idna",
    "internal/timeseries",
    "lex/httplex",
    "trace"
  ]
  revision = "b03f0d9a164ac99fff690e1e0bb0af36f760322b"

[[projects]]
  name = "golang.org/x/text"
  packages = [
    "internal/gen",
    "internal/triegen",
    "internal/ucd",
    "secure/bidirule",
    "transform",
    "unicode/bidi",
    "unicode/cldr",
    "unicode/norm",
    "unicode/rangetable"
  ]
  revision = "44f4f658a783b0cee41fe0a23b8fc91d9c120558"

[[projects]]
  name = "google.golang.org/grpc"
  packages = [
    ".",
    "codes",
    "credentials",
    "grpclog",
    "internal",
    "metadata",
    "naming",
    "peer",
    "stats",
    "tap",
    "transport"
  ]
  revision = "20633fa172ac711ac6a77fd573ed13f23ec56dcb"

[[projects]]
  name = "gopkg.in/yaml.v2"
  packages = ["."]
  revision = "a5b47d31c556af34a302ce5d659e6fea44d90de0"

[solve-meta]
  analyzer-name = "dep"
  analyzer-version = 1
  inputs-digest = "ce7beea153a2ac35638b481e2f55c08d2a93c859466a58d1f310af6c31472785"
  solver-name = "gps-cdcl"
  solver-version = 1
